{
  "name": "blacksburg-transit",
  "lockfileVersion": 3,
  "requires": true,
  "packages": {
    "": {
      "dependencies": {
        "react-native-mmkv": "^3.2.0"
      }
    },
    "node_modules/react-native-mmkv": {
      "version": "3.2.0",
      "resolved": "https://registry.npmjs.org/react-native-mmkv/-/react-native-mmkv-3.2.0.tgz",
      "integrity": "sha512-9y7K//1MaU46TFrXkyU0wT5VGk9Y2FDLFV6NPl+z3jTbm2G7SC1UIxneF6CfhSmBX5CfKze9SO7kwDuRx7flpQ==",
      "license": "(MIT AND BSD-3-Clause)",
      "peerDependencies": {
        "react": "*",
        "react-native": "*"
      }
    }
  }
}
